
Microsoft Visual Studio Solution File, Format Version 12.00
# Visual Studio Version 17
VisualStudioVersion = 17.6.33801.468
MinimumVisualStudioVersion = 10.0.40219.1
Project("{9A19103F-16F7-4668-BE54-9A1E7A4F7556}") = "Practic 7", "Practic 7.csproj", "{95C310A2-D948-4941-97E0-8F99216621E6}"
EndProject
Global
	GlobalSection(SolutionConfigurationPlatforms) = preSolution
		Debug|Any CPU = Debug|Any CPU
		Release|Any CPU = Release|Any CPU
	EndGlobalSection
	GlobalSection(ProjectConfigurationPlatforms) = postSolution
		{95C310A2-D948-4941-97E0-8F99216621E6}.Debug|Any CPU.ActiveCfg = Debug|Any CPU
		{95C310A2-D948-4941-97E0-8F99216621E6}.Debug|Any CPU.Build.0 = Debug|Any CPU
		{95C310A2-D948-4941-97E0-8F99216621E6}.Release|Any CPU.ActiveCfg = Release|Any CPU
		{95C310A2-D948-4941-97E0-8F99216621E6}.Release|Any CPU.Build.0 = Release|Any CPU
	EndGlobalSection
	GlobalSection(SolutionProperties) = preSolution
		HideSolutionNode = FALSE
	EndGlobalSection
	GlobalSection(ExtensibilityGlobals) = postSolution
		SolutionGuid = {A2E21A83-966E-4C2C-8F4D-190CE2E07E2B}
	EndGlobalSection
EndGlobal
